
Microsoft Visual Studio Solution File, Format Version 12.00
# Visual Studio 2013
VisualStudioVersion = 12.0.30723.0
MinimumVisualStudioVersion = 10.0.40219.1
Project("{FAE04EC0-301F-11D3-BF4B-00C04F79EFBC}") = "Veggerby.Identity.Azure", "Veggerby.Identity.Azure\Veggerby.Identity.Azure.csproj", "{7D5A6B3A-37CB-41F8-A3CE-2D878AC83B09}"
EndProject
Project("{FAE04EC0-301F-11D3-BF4B-00C04F79EFBC}") = "Veggerby.Storage.Azure", "Veggerby.Storage.Azure\Veggerby.Storage.Azure.csproj", "{C2521044-AE5C-40C1-80E8-FAF5DEC7A4ED}"
EndProject
Global
	GlobalSection(SolutionConfigurationPlatforms) = preSolution
		Debug|Any CPU = Debug|Any CPU
		Release|Any CPU = Release|Any CPU
	EndGlobalSection
	GlobalSection(ProjectConfigurationPlatforms) = postSolution
		{7D5A6B3A-37CB-41F8-A3CE-2D878AC83B09}.Debug|Any CPU.ActiveCfg = Debug|Any CPU
		{7D5A6B3A-37CB-41F8-A3CE-2D878AC83B09}.Debug|Any CPU.Build.0 = Debug|Any CPU
		{7D5A6B3A-37CB-41F8-A3CE-2D878AC83B09}.Release|Any CPU.ActiveCfg = Release|Any CPU
		{7D5A6B3A-37CB-41F8-A3CE-2D878AC83B09}.Release|Any CPU.Build.0 = Release|Any CPU
		{C2521044-AE5C-40C1-80E8-FAF5DEC7A4ED}.Debug|Any CPU.ActiveCfg = Debug|Any CPU
		{C2521044-AE5C-40C1-80E8-FAF5DEC7A4ED}.Debug|Any CPU.Build.0 = Debug|Any CPU
		{C2521044-AE5C-40C1-80E8-FAF5DEC7A4ED}.Release|Any CPU.ActiveCfg = Release|Any CPU
		{C2521044-AE5C-40C1-80E8-FAF5DEC7A4ED}.Release|Any CPU.Build.0 = Release|Any CPU
	EndGlobalSection
	GlobalSection(SolutionProperties) = preSolution
		HideSolutionNode = FALSE
	EndGlobalSection
EndGlobal
